
Microsoft Visual Studio Solution File, Format Version 11.00
# Visual Studio 2010
Project("{FAE04EC0-301F-11D3-BF4B-00C04F79EFBC}") = "Assembly-CSharp", "Assembly-CSharp.csproj", "{3E65D426-F7E5-BD69-9CF0-E1DAA344A937}"
EndProject
Project("{FAE04EC0-301F-11D3-BF4B-00C04F79EFBC}") = "Assembly-CSharp-Editor", "Assembly-CSharp-Editor.csproj", "{9E390601-84BA-9DBA-71FE-9ED34C3A9891}"
EndProject
Global
	GlobalSection(SolutionConfigurationPlatforms) = preSolution
		Debug|Any CPU = Debug|Any CPU
		Release|Any CPU = Release|Any CPU
	EndGlobalSection
	GlobalSection(ProjectConfigurationPlatforms) = postSolution
		{3E65D426-F7E5-BD69-9CF0-E1DAA344A937}.Debug|Any CPU.ActiveCfg = Debug|Any CPU
		{3E65D426-F7E5-BD69-9CF0-E1DAA344A937}.Debug|Any CPU.Build.0 = Debug|Any CPU
		{3E65D426-F7E5-BD69-9CF0-E1DAA344A937}.Release|Any CPU.ActiveCfg = Release|Any CPU
		{3E65D426-F7E5-BD69-9CF0-E1DAA344A937}.Release|Any CPU.Build.0 = Release|Any CPU
		{9E390601-84BA-9DBA-71FE-9ED34C3A9891}.Debug|Any CPU.ActiveCfg = Debug|Any CPU
		{9E390601-84BA-9DBA-71FE-9ED34C3A9891}.Debug|Any CPU.Build.0 = Debug|Any CPU
		{9E390601-84BA-9DBA-71FE-9ED34C3A9891}.Release|Any CPU.ActiveCfg = Release|Any CPU
		{9E390601-84BA-9DBA-71FE-9ED34C3A9891}.Release|Any CPU.Build.0 = Release|Any CPU
	EndGlobalSection
	GlobalSection(SolutionProperties) = preSolution
		HideSolutionNode = FALSE
	EndGlobalSection
EndGlobal
